
Microsoft Visual Studio Solution File, Format Version 12.00
# Visual Studio Version 17
VisualStudioVersion = 17.4.33213.308
MinimumVisualStudioVersion = 10.0.40219.1
Project("{FAE04EC0-301F-11D3-BF4B-00C04F79EFBC}") = "busroute-program", "busroute-program.csproj", "{227D7388-A566-4262-8290-5C784483457D}"
EndProject
Global
	GlobalSection(SolutionConfigurationPlatforms) = preSolution
		Debug|Any CPU = Debug|Any CPU
		Release|Any CPU = Release|Any CPU
	EndGlobalSection
	GlobalSection(ProjectConfigurationPlatforms) = postSolution
		{227D7388-A566-4262-8290-5C784483457D}.Debug|Any CPU.ActiveCfg = Debug|Any CPU
		{227D7388-A566-4262-8290-5C784483457D}.Debug|Any CPU.Build.0 = Debug|Any CPU
		{227D7388-A566-4262-8290-5C784483457D}.Release|Any CPU.ActiveCfg = Release|Any CPU
		{227D7388-A566-4262-8290-5C784483457D}.Release|Any CPU.Build.0 = Release|Any CPU
	EndGlobalSection
	GlobalSection(SolutionProperties) = preSolution
		HideSolutionNode = FALSE
	EndGlobalSection
	GlobalSection(ExtensibilityGlobals) = postSolution
		SolutionGuid = {72FC7C28-6929-4B70-8ADA-4E76F41207AB}
	EndGlobalSection
EndGlobal
